{
  "name": "mongochat",
  "version": "0.1.0",
  "lockfileVersion": 1,
  "requires": true,
  "dependencies": {
    "hookrouter": {
      "version": "1.0.3-beta",
      "resolved": "https://registry.npmjs.org/hookrouter/-/hookrouter-1.0.3-beta.tgz",
      "integrity": "sha512-dwI9EgsUsGnToqLZBTuCs+drjMiFgSU3V7oiD6mjpLpfTPs4Z0x3IZXlzzCOU0+/XmC4wiQZtW/eWtlyGOTClw=="
    }
  }
}
